{"is_source_file": false, "format": "", "description": "", "external_files": [], "external_methods": [], "published": [], "classes": [], "methods": [], "calls": [], "search-terms": [], "state": 2, "file_id": 23, "knowledge_revision": 63, "git_revision": "9df44a791b2d4740c79ca4b19a435a12d1e1516d", "hash": "e9b4c3b42cef0193b7fddb548d37e652", "format-version": 4, "code-base-name": "default", "filename": "travelgenie/post_process_status.lock", "revision_history": [{"63": "9df44a791b2d4740c79ca4b19a435a12d1e1516d"}]}